
Microsoft Visual Studio Solution File, Format Version 11.00
# Visual Studio 2010
Project("{FAE04EC0-301F-11D3-BF4B-00C04F79EFBC}") = "Server", "Server\Server.csproj", "{494BCB94-6B95-432D-AF3F-E49DA0AAE3D5}"
EndProject
Project("{FAE04EC0-301F-11D3-BF4B-00C04F79EFBC}") = "Client", "Client\Client.csproj", "{A396C5AA-A0A3-46FD-9F0A-C479C77F4FF4}"
EndProject
Project("{FAE04EC0-301F-11D3-BF4B-00C04F79EFBC}") = "Shared", "Shared\Shared.csproj", "{527A536D-216B-4C8A-8703-78B7493A689D}"
EndProject
Project("{FAE04EC0-301F-11D3-BF4B-00C04F79EFBC}") = "LoadBalancer", "LoadBalancer\LoadBalancer.csproj", "{C351D7FE-F79B-4439-BF32-C351B0760795}"
EndProject
Global
	GlobalSection(SolutionConfigurationPlatforms) = preSolution
		Debug|Any CPU = Debug|Any CPU
		Debug|Mixed Platforms = Debug|Mixed Platforms
		Debug|x86 = Debug|x86
		Release|Any CPU = Release|Any CPU
		Release|Mixed Platforms = Release|Mixed Platforms
		Release|x86 = Release|x86
	EndGlobalSection
	GlobalSection(ProjectConfigurationPlatforms) = postSolution
		{494BCB94-6B95-432D-AF3F-E49DA0AAE3D5}.Debug|Any CPU.ActiveCfg = Debug|x86
		{494BCB94-6B95-432D-AF3F-E49DA0AAE3D5}.Debug|Mixed Platforms.ActiveCfg = Debug|x86
		{494BCB94-6B95-432D-AF3F-E49DA0AAE3D5}.Debug|Mixed Platforms.Build.0 = Debug|x86
		{494BCB94-6B95-432D-AF3F-E49DA0AAE3D5}.Debug|x86.ActiveCfg = Debug|x86
		{494BCB94-6B95-432D-AF3F-E49DA0AAE3D5}.Debug|x86.Build.0 = Debug|x86
		{494BCB94-6B95-432D-AF3F-E49DA0AAE3D5}.Release|Any CPU.ActiveCfg = Release|x86
		{494BCB94-6B95-432D-AF3F-E49DA0AAE3D5}.Release|Mixed Platforms.ActiveCfg = Release|x86
		{494BCB94-6B95-432D-AF3F-E49DA0AAE3D5}.Release|Mixed Platforms.Build.0 = Release|x86
		{494BCB94-6B95-432D-AF3F-E49DA0AAE3D5}.Release|x86.ActiveCfg = Release|x86
		{494BCB94-6B95-432D-AF3F-E49DA0AAE3D5}.Release|x86.Build.0 = Release|x86
		{A396C5AA-A0A3-46FD-9F0A-C479C77F4FF4}.Debug|Any CPU.ActiveCfg = Debug|x86
		{A396C5AA-A0A3-46FD-9F0A-C479C77F4FF4}.Debug|Mixed Platforms.ActiveCfg = Debug|x86
		{A396C5AA-A0A3-46FD-9F0A-C479C77F4FF4}.Debug|Mixed Platforms.Build.0 = Debug|x86
		{A396C5AA-A0A3-46FD-9F0A-C479C77F4FF4}.Debug|x86.ActiveCfg = Debug|x86
		{A396C5AA-A0A3-46FD-9F0A-C479C77F4FF4}.Debug|x86.Build.0 = Debug|x86
		{A396C5AA-A0A3-46FD-9F0A-C479C77F4FF4}.Release|Any CPU.ActiveCfg = Release|x86
		{A396C5AA-A0A3-46FD-9F0A-C479C77F4FF4}.Release|Mixed Platforms.ActiveCfg = Release|x86
		{A396C5AA-A0A3-46FD-9F0A-C479C77F4FF4}.Release|Mixed Platforms.Build.0 = Release|x86
		{A396C5AA-A0A3-46FD-9F0A-C479C77F4FF4}.Release|x86.ActiveCfg = Release|x86
		{A396C5AA-A0A3-46FD-9F0A-C479C77F4FF4}.Release|x86.Build.0 = Release|x86
		{527A536D-216B-4C8A-8703-78B7493A689D}.Debug|Any CPU.ActiveCfg = Debug|Any CPU
		{527A536D-216B-4C8A-8703-78B7493A689D}.Debug|Any CPU.Build.0 = Debug|Any CPU
		{527A536D-216B-4C8A-8703-78B7493A689D}.Debug|Mixed Platforms.ActiveCfg = Debug|Any CPU
		{527A536D-216B-4C8A-8703-78B7493A689D}.Debug|Mixed Platforms.Build.0 = Debug|Any CPU
		{527A536D-216B-4C8A-8703-78B7493A689D}.Debug|x86.ActiveCfg = Debug|Any CPU
		{527A536D-216B-4C8A-8703-78B7493A689D}.Release|Any CPU.ActiveCfg = Release|Any CPU
		{527A536D-216B-4C8A-8703-78B7493A689D}.Release|Any CPU.Build.0 = Release|Any CPU
		{527A536D-216B-4C8A-8703-78B7493A689D}.Release|Mixed Platforms.ActiveCfg = Release|Any CPU
		{527A536D-216B-4C8A-8703-78B7493A689D}.Release|Mixed Platforms.Build.0 = Release|Any CPU
		{527A536D-216B-4C8A-8703-78B7493A689D}.Release|x86.ActiveCfg = Release|Any CPU
		{C351D7FE-F79B-4439-BF32-C351B0760795}.Debug|Any CPU.ActiveCfg = Debug|x86
		{C351D7FE-F79B-4439-BF32-C351B0760795}.Debug|Mixed Platforms.ActiveCfg = Debug|x86
		{C351D7FE-F79B-4439-BF32-C351B0760795}.Debug|Mixed Platforms.Build.0 = Debug|x86
		{C351D7FE-F79B-4439-BF32-C351B0760795}.Debug|x86.ActiveCfg = Debug|x86
		{C351D7FE-F79B-4439-BF32-C351B0760795}.Debug|x86.Build.0 = Debug|x86
		{C351D7FE-F79B-4439-BF32-C351B0760795}.Release|Any CPU.ActiveCfg = Release|x86
		{C351D7FE-F79B-4439-BF32-C351B0760795}.Release|Mixed Platforms.ActiveCfg = Release|x86
		{C351D7FE-F79B-4439-BF32-C351B0760795}.Release|Mixed Platforms.Build.0 = Release|x86
		{C351D7FE-F79B-4439-BF32-C351B0760795}.Release|x86.ActiveCfg = Release|x86
		{C351D7FE-F79B-4439-BF32-C351B0760795}.Release|x86.Build.0 = Release|x86
	EndGlobalSection
	GlobalSection(SolutionProperties) = preSolution
		HideSolutionNode = FALSE
	EndGlobalSection
EndGlobal
